# THIS IS AN AUTOGENERATED FILE. DO NOT EDIT THIS FILE DIRECTLY.
# yarn lockfile v1


"@next/env@12.1.6":
  version "12.1.6"
  resolved "https://registry.yarnpkg.com/@next/env/-/env-12.1.6.tgz#5f44823a78335355f00f1687cfc4f1dafa3eca08"
  integrity sha512-Te/OBDXFSodPU6jlXYPAXpmZr/AkG6DCATAxttQxqOWaq6eDFX25Db3dK0120GZrSZmv4QCe9KsZmJKDbWs4OA==

"@next/swc-android-arm-eabi@12.1.6":
  version "12.1.6"
  resolved "https://registry.yarnpkg.com/@next/swc-android-arm-eabi/-/swc-android-arm-eabi-12.1.6.tgz#79a35349b98f2f8c038ab6261aa9cd0d121c03f9"
  integrity sha512-BxBr3QAAAXWgk/K7EedvzxJr2dE014mghBSA9iOEAv0bMgF+MRq4PoASjuHi15M2zfowpcRG8XQhMFtxftCleQ==

"@next/swc-android-arm64@12.1.6":
  version "12.1.6"
  resolved "https://registry.yarnpkg.com/@next/swc-android-arm64/-/swc-android-arm64-12.1.6.tgz#ec08ea61794f8752c8ebcacbed0aafc5b9407456"
  integrity sha512-EboEk3ROYY7U6WA2RrMt/cXXMokUTXXfnxe2+CU+DOahvbrO8QSWhlBl9I9ZbFzJx28AGB9Yo3oQHCvph/4Lew==

"@next/swc-darwin-arm64@12.1.6":
  version "12.1.6"
  resolved "https://registry.yarnpkg.com/@next/swc-darwin-arm64/-/swc-darwin-arm64-12.1.6.tgz#d1053805615fd0706e9b1667893a72271cd87119"
  integrity sha512-P0EXU12BMSdNj1F7vdkP/VrYDuCNwBExtRPDYawgSUakzi6qP0iKJpya2BuLvNzXx+XPU49GFuDC5X+SvY0mOw==

"@next/swc-darwin-x64@12.1.6":
  version "12.1.6"
  resolved "https://registry.yarnpkg.com/@next/swc-darwin-x64/-/swc-darwin-x64-12.1.6.tgz#2d1b926a22f4c5230d5b311f9c56cfdcc406afec"
  integrity sha512-9FptMnbgHJK3dRDzfTpexs9S2hGpzOQxSQbe8omz6Pcl7rnEp9x4uSEKY51ho85JCjL4d0tDLBcXEJZKKLzxNg==

"@next/swc-linux-arm-gnueabihf@12.1.6":
  version "12.1.6"
  resolved "https://registry.yarnpkg.com/@next/swc-linux-arm-gnueabihf/-/swc-linux-arm-gnueabihf-12.1.6.tgz#c021918d2a94a17f823106a5e069335b8a19724f"
  integrity sha512-PvfEa1RR55dsik/IDkCKSFkk6ODNGJqPY3ysVUZqmnWMDSuqFtf7BPWHFa/53znpvVB5XaJ5Z1/6aR5CTIqxPw==

"@next/swc-linux-arm64-gnu@12.1.6":
  version "12.1.6"
  resolved "https://registry.yarnpkg.com/@next/swc-linux-arm64-gnu/-/swc-linux-arm64-gnu-12.1.6.tgz#ac55c07bfabde378dfa0ce2b8fc1c3b2897e81ae"
  integrity sha512-53QOvX1jBbC2ctnmWHyRhMajGq7QZfl974WYlwclXarVV418X7ed7o/EzGY+YVAEKzIVaAB9JFFWGXn8WWo0gQ==

"@next/swc-linux-arm64-musl@12.1.6":
  version "12.1.6"
  resolved "https://registry.yarnpkg.com/@next/swc-linux-arm64-musl/-/swc-linux-arm64-musl-12.1.6.tgz#e429f826279894be9096be6bec13e75e3d6bd671"
  integrity sha512-CMWAkYqfGdQCS+uuMA1A2UhOfcUYeoqnTW7msLr2RyYAys15pD960hlDfq7QAi8BCAKk0sQ2rjsl0iqMyziohQ==

"@next/swc-linux-x64-gnu@12.1.6":
  version "12.1.6"
  resolved "https://registry.yarnpkg.com/@next/swc-linux-x64-gnu/-/swc-linux-x64-gnu-12.1.6.tgz#1f276c0784a5ca599bfa34b2fcc0b38f3a738e08"
  integrity sha512-AC7jE4Fxpn0s3ujngClIDTiEM/CQiB2N2vkcyWWn6734AmGT03Duq6RYtPMymFobDdAtZGFZd5nR95WjPzbZAQ==

"@next/swc-linux-x64-musl@12.1.6":
  version "12.1.6"
  resolved "https://registry.yarnpkg.com/@next/swc-linux-x64-musl/-/swc-linux-x64-musl-12.1.6.tgz#1d9933dd6ba303dcfd8a2acd6ac7c27ed41e2eea"
  integrity sha512-c9Vjmi0EVk0Kou2qbrynskVarnFwfYIi+wKufR9Ad7/IKKuP6aEhOdZiIIdKsYWRtK2IWRF3h3YmdnEa2WLUag==

"@next/swc-win32-arm64-msvc@12.1.6":
  version "12.1.6"
  resolved "https://registry.yarnpkg.com/@next/swc-win32-arm64-msvc/-/swc-win32-arm64-msvc-12.1.6.tgz#2ef9837f12ca652b1783d72ecb86208906042f02"
  integrity sha512-3UTOL/5XZSKFelM7qN0it35o3Cegm6LsyuERR3/OoqEExyj3aCk7F025b54/707HTMAnjlvQK3DzLhPu/xxO4g==

"@next/swc-win32-ia32-msvc@12.1.6":
  version "12.1.6"
  resolved "https://registry.yarnpkg.com/@next/swc-win32-ia32-msvc/-/swc-win32-ia32-msvc-12.1.6.tgz#74003d0aa1c59dfa56cb15481a5c607cbc0027b9"
  integrity sha512-8ZWoj6nCq6fI1yCzKq6oK0jE6Mxlz4MrEsRyu0TwDztWQWe7rh4XXGLAa2YVPatYcHhMcUL+fQQbqd1MsgaSDA==

"@next/swc-win32-x64-msvc@12.1.6":
  version "12.1.6"
  resolved "https://registry.yarnpkg.com/@next/swc-win32-x64-msvc/-/swc-win32-x64-msvc-12.1.6.tgz#a350caf42975e7197b24b495b8d764eec7e6a36e"
  integrity sha512-4ZEwiRuZEicXhXqmhw3+de8Z4EpOLQj/gp+D9fFWo6ii6W1kBkNNvvEx4A90ugppu+74pT1lIJnOuz3A9oQeJA==

array-find-index@^1.0.2:
  version "1.0.2"
  resolved "https://registry.yarnpkg.com/array-find-index/-/array-find-index-1.0.2.tgz#df010aa1287e164bbda6f9723b0a96a1ec4187a1"
  integrity sha1-3wEKoSh+Fku9pvlyOwqWoexBh6E=

asap@~2.0.3:
  version "2.0.6"
  resolved "https://registry.yarnpkg.com/asap/-/asap-2.0.6.tgz#e50347611d7e690943208bbdafebcbc2fb866d46"
  integrity sha1-5QNHYR1+aQlDIIu9r+vLwvuGbUY=

babel-plugin-react-native-web@^0.13.14:
  version "0.13.18"
  resolved "https://registry.yarnpkg.com/babel-plugin-react-native-web/-/babel-plugin-react-native-web-0.13.18.tgz#f0b640412b81acd02d8036b7a935ffb3ab446e4e"
  integrity sha512-f8pAxyKqXBNRIh8l4Sqju055BNec+DQlItdtutByYxULU0iJ1F7evIYE3skPKAkTB/xJH17l+n3Z8dVabGIIGg==

caniuse-lite@^1.0.30001332:
  version "1.0.30001340"
  resolved "https://registry.yarnpkg.com/caniuse-lite/-/caniuse-lite-1.0.30001340.tgz#029a2f8bfc025d4820fafbfaa6259fd7778340c7"
  integrity sha512-jUNz+a9blQTQVu4uFcn17uAD8IDizPzQkIKh3LCJfg9BkyIqExYYdyc/ZSlWUSKb8iYiXxKsxbv4zYSvkqjrxw==

core-js@^2.4.1:
  version "2.6.12"
  resolved "https://registry.yarnpkg.com/core-js/-/core-js-2.6.12.tgz#d9333dfa7b065e347cc5682219d6f690859cc2ec"
  integrity sha512-Kb2wC0fvsWfQrgk8HU5lW6U/Lcs8+9aaYcy4ZFc6DDlo4nZ7n70dEgE5rtR0oG6ufKDUnrwfWL1mXR5ljDatrQ==

create-react-class@^15.6.2:
  version "15.7.0"
  resolved "https://registry.yarnpkg.com/create-react-class/-/create-react-class-15.7.0.tgz#7499d7ca2e69bb51d13faf59bd04f0c65a1d6c1e"
  integrity sha512-QZv4sFWG9S5RUvkTYWbflxeZX+JG7Cz0Tn33rQBJ+WFQTqTfUTjMjiv9tnfXazjsO5r0KhPs+AqCjyrQX6h2ng==
  dependencies:
    loose-envify "^1.3.1"
    object-assign "^4.1.1"

css-in-js-utils@^2.0.0:
  version "2.0.1"
  resolved "https://registry.yarnpkg.com/css-in-js-utils/-/css-in-js-utils-2.0.1.tgz#3b472b398787291b47cfe3e44fecfdd9e914ba99"
  integrity sha512-PJF0SpJT+WdbVVt0AOYp9C8GnuruRlL/UFW7932nLWmFLQTaWEzTBQEx7/hn4BuV+WON75iAViSUJLiU3PKbpA==
  dependencies:
    hyphenate-style-name "^1.0.2"
    isobject "^3.0.1"

deep-assign@^3.0.0:
  version "3.0.0"
  resolved "https://registry.yarnpkg.com/deep-assign/-/deep-assign-3.0.0.tgz#c8e4c4d401cba25550a2f0f486a2e75bc5f219a2"
  integrity sha512-YX2i9XjJ7h5q/aQ/IM9PEwEnDqETAIYbggmdDB3HLTlSgo1CxPsj6pvhPG68rq6SVE0+p+6Ywsm5fTYNrYtBWw==
  dependencies:
    is-obj "^1.0.0"

encoding@^0.1.11:
  version "0.1.13"
  resolved "https://registry.yarnpkg.com/encoding/-/encoding-0.1.13.tgz#56574afdd791f54a8e9b2785c0582a2d26210fa9"
  integrity sha512-ETBauow1T35Y/WZMkio9jiM0Z5xjHHmJ4XmjZOq1l/dXz3lr2sRn87nJy20RupqSh1F2m3HHPSp8ShIPQJrJ3A==
  dependencies:
    iconv-lite "^0.6.2"

fbjs-css-vars@^1.0.0:
  version "1.0.2"
  resolved "https://registry.yarnpkg.com/fbjs-css-vars/-/fbjs-css-vars-1.0.2.tgz#216551136ae02fe255932c3ec8775f18e2c078b8"
  integrity sha512-b2XGFAFdWZWg0phtAWLHCk836A1Xann+I+Dgd3Gk64MHKZO44FfoD1KxyvbSh0qZsIoXQGGlVztIY+oitJPpRQ==

fbjs@^1.0.0:
  version "1.0.0"
  resolved "https://registry.yarnpkg.com/fbjs/-/fbjs-1.0.0.tgz#52c215e0883a3c86af2a7a776ed51525ae8e0a5a"
  integrity sha512-MUgcMEJaFhCaF1QtWGnmq9ZDRAzECTCRAF7O6UZIlAlkTs1SasiX9aP0Iw7wfD2mJ7wDTNfg2w7u5fSCwJk1OA==
  dependencies:
    core-js "^2.4.1"
    fbjs-css-vars "^1.0.0"
    isomorphic-fetch "^2.1.1"
    loose-envify "^1.0.0"
    object-assign "^4.1.0"
    promise "^7.1.1"
    setimmediate "^1.0.5"
    ua-parser-js "^0.7.18"

hyphenate-style-name@^1.0.2, hyphenate-style-name@^1.0.3:
  version "1.0.4"
  resolved "https://registry.yarnpkg.com/hyphenate-style-name/-/hyphenate-style-name-1.0.4.tgz#691879af8e220aea5750e8827db4ef62a54e361d"
  integrity sha512-ygGZLjmXfPHj+ZWh6LwbC37l43MhfztxetbFCoYTM2VjkIUpeHgSNn7QIyVFj7YQ1Wl9Cbw5sholVJPzWvC2MQ==

iconv-lite@^0.6.2:
  version "0.6.3"
  resolved "https://registry.yarnpkg.com/iconv-lite/-/iconv-lite-0.6.3.tgz#a52f80bf38da1952eb5c681790719871a1a72501"
  integrity sha512-4fCk79wshMdzMp2rH06qWrJE4iolqLhCUH+OiuIgU++RB0+94NlDL81atO7GX55uUKueo0txHNtvEyI6D7WdMw==
  dependencies:
    safer-buffer ">= 2.1.2 < 3.0.0"

inline-style-prefixer@^5.1.0:
  version "5.1.2"
  resolved "https://registry.yarnpkg.com/inline-style-prefixer/-/inline-style-prefixer-5.1.2.tgz#e5a5a3515e25600e016b71e39138971228486c33"
  integrity sha512-PYUF+94gDfhy+LsQxM0g3d6Hge4l1pAqOSOiZuHWzMvQEGsbRQ/ck2WioLqrY2ZkHyPgVUXxn+hrkF7D6QUGbA==
  dependencies:
    css-in-js-utils "^2.0.0"

is-obj@^1.0.0:
  version "1.0.1"
  resolved "https://registry.yarnpkg.com/is-obj/-/is-obj-1.0.1.tgz#3e4729ac1f5fde025cd7d83a896dab9f4f67db0f"
  integrity sha1-PkcprB9f3gJc19g6iW2rn09n2w8=

is-stream@^1.0.1:
  version "1.1.0"
  resolved "https://registry.yarnpkg.com/is-stream/-/is-stream-1.1.0.tgz#12d4a3dd4e68e0b79ceb8dbc84173ae80d91ca44"
  integrity sha1-EtSj3U5o4Lec6428hBc66A2RykQ=

isobject@^3.0.1:
  version "3.0.1"
  resolved "https://registry.yarnpkg.com/isobject/-/isobject-3.0.1.tgz#4e431e92b11a9731636aa1f9c8d1ccbcfdab78df"
  integrity sha1-TkMekrEalzFjaqH5yNHMvP2reN8=

isomorphic-fetch@^2.1.1:
  version "2.2.1"
  resolved "https://registry.yarnpkg.com/isomorphic-fetch/-/isomorphic-fetch-2.2.1.tgz#611ae1acf14f5e81f729507472819fe9733558a9"
  integrity sha1-YRrhrPFPXoH3KVB0coGf6XM1WKk=
  dependencies:
    node-fetch "^1.0.1"
    whatwg-fetch ">=0.10.0"

"js-tokens@^3.0.0 || ^4.0.0":
  version "4.0.0"
  resolved "https://registry.yarnpkg.com/js-tokens/-/js-tokens-4.0.0.tgz#19203fb59991df98e3a287050d4647cdeaf32499"
  integrity sha512-RdJUflcE3cUzKiMqQgsCu06FPu9UdIJO0beYbPhHN4k6apgJtifcoCtT9bcxOpYBtpD2kCM6Sbzg4CausW/PKQ==

loose-envify@^1.0.0, loose-envify@^1.1.0, loose-envify@^1.3.1, loose-envify@^1.4.0:
  version "1.4.0"
  resolved "https://registry.yarnpkg.com/loose-envify/-/loose-envify-1.4.0.tgz#71ee51fa7be4caec1a63839f7e682d8132d30caf"
  integrity sha512-lyuxPGr/Wfhrlem2CL/UcnUc1zcqKAImBDzukY7Y5F/yQiNdko6+fRLevlw1HgMySw7f611UIY408EtxRSoK3Q==
  dependencies:
    js-tokens "^3.0.0 || ^4.0.0"

nanoid@^3.1.30:
  version "3.3.4"
  resolved "https://registry.yarnpkg.com/nanoid/-/nanoid-3.3.4.tgz#730b67e3cd09e2deacf03c027c81c9d9dbc5e8ab"
  integrity sha512-MqBkQh/OHTS2egovRtLk45wEyNXwF+cokD+1YPf9u5VfJiRdAiRwB2froX5Co9Rh20xs4siNPm8naNotSD6RBw==

next@latest:
  version "12.1.6"
  resolved "https://registry.yarnpkg.com/next/-/next-12.1.6.tgz#eb205e64af1998651f96f9df44556d47d8bbc533"
  integrity sha512-cebwKxL3/DhNKfg9tPZDQmbRKjueqykHHbgaoG4VBRH3AHQJ2HO0dbKFiS1hPhe1/qgc2d/hFeadsbPicmLD+A==
  dependencies:
    "@next/env" "12.1.6"
    caniuse-lite "^1.0.30001332"
    postcss "8.4.5"
    styled-jsx "5.0.2"
  optionalDependencies:
    "@next/swc-android-arm-eabi" "12.1.6"
    "@next/swc-android-arm64" "12.1.6"
    "@next/swc-darwin-arm64" "12.1.6"
    "@next/swc-darwin-x64" "12.1.6"
    "@next/swc-linux-arm-gnueabihf" "12.1.6"
    "@next/swc-linux-arm64-gnu" "12.1.6"
    "@next/swc-linux-arm64-musl" "12.1.6"
    "@next/swc-linux-x64-gnu" "12.1.6"
    "@next/swc-linux-x64-musl" "12.1.6"
    "@next/swc-win32-arm64-msvc" "12.1.6"
    "@next/swc-win32-ia32-msvc" "12.1.6"
    "@next/swc-win32-x64-msvc" "12.1.6"

node-fetch@^1.0.1:
  version "1.7.3"
  resolved "https://registry.yarnpkg.com/node-fetch/-/node-fetch-1.7.3.tgz#980f6f72d85211a5347c6b2bc18c5b84c3eb47ef"
  integrity sha512-NhZ4CsKx7cYm2vSrBAr2PvFOe6sWDf0UYLRqA6svUYg7+/TSfVAu49jYC4BvQ4Sms9SZgdqGBgroqfDhJdTyKQ==
  dependencies:
    encoding "^0.1.11"
    is-stream "^1.0.1"

normalize-css-color@^1.0.2:
  version "1.0.2"
  resolved "https://registry.yarnpkg.com/normalize-css-color/-/normalize-css-color-1.0.2.tgz#02991e97cccec6623fe573afbbf0de6a1f3e9f8d"
  integrity sha1-Apkel8zOxmI/5XOvu/Deah8+n40=

object-assign@^4.1.0, object-assign@^4.1.1:
  version "4.1.1"
  resolved "https://registry.yarnpkg.com/object-assign/-/object-assign-4.1.1.tgz#2109adc7965887cfc05cbbd442cac8bfbb360863"
  integrity sha1-IQmtx5ZYh8/AXLvUQsrIv7s2CGM=

picocolors@^1.0.0:
  version "1.0.0"
  resolved "https://registry.yarnpkg.com/picocolors/-/picocolors-1.0.0.tgz#cb5bdc74ff3f51892236eaf79d68bc44564ab81c"
  integrity sha512-1fygroTLlHu66zi26VoTDv8yRgm0Fccecssto+MhsZ0D/DGW2sm8E8AjW7NU5VVTRt5GxbeZ5qBuJr+HyLYkjQ==

postcss@8.4.5:
  version "8.4.5"
  resolved "https://registry.yarnpkg.com/postcss/-/postcss-8.4.5.tgz#bae665764dfd4c6fcc24dc0fdf7e7aa00cc77f95"
  integrity sha512-jBDboWM8qpaqwkMwItqTQTiFikhs/67OYVvblFFTM7MrZjt6yMKd6r2kgXizEbTTljacm4NldIlZnhbjr84QYg==
  dependencies:
    nanoid "^3.1.30"
    picocolors "^1.0.0"
    source-map-js "^1.0.1"

promise@^7.1.1:
  version "7.3.1"
  resolved "https://registry.yarnpkg.com/promise/-/promise-7.3.1.tgz#064b72602b18f90f29192b8b1bc418ffd1ebd3bf"
  integrity sha512-nolQXZ/4L+bP/UGlkfaIujX9BKxGwmQ9OT4mOt5yvy8iK1h3wqTEJCijzGANTCCl9nWjY41juyAn2K3Q1hLLTg==
  dependencies:
    asap "~2.0.3"

prop-types@^15.6.0:
  version "15.8.1"
  resolved "https://registry.yarnpkg.com/prop-types/-/prop-types-15.8.1.tgz#67d87bf1a694f48435cf332c24af10214a3140b5"
  integrity sha512-oj87CgZICdulUohogVAR7AjlC0327U4el4L6eAvOqCeudMDVU0NThNaV+b9Df4dXgSP1gXMTnPdhfe/2qDH5cg==
  dependencies:
    loose-envify "^1.4.0"
    object-assign "^4.1.1"
    react-is "^16.13.1"

react-dom@^17.0.2:
  version "17.0.2"
  resolved "https://registry.yarnpkg.com/react-dom/-/react-dom-17.0.2.tgz#ecffb6845e3ad8dbfcdc498f0d0a939736502c23"
  integrity sha512-s4h96KtLDUQlsENhMn1ar8t2bEa+q/YAtj8pPPdIjPDGBDIVNsrD9aXNWqspUe6AzKCIG0C1HZZLqLV7qpOBGA==
  dependencies:
    loose-envify "^1.1.0"
    object-assign "^4.1.1"
    scheduler "^0.20.2"

react-is@^16.13.1:
  version "16.13.1"
  resolved "https://registry.yarnpkg.com/react-is/-/react-is-16.13.1.tgz#789729a4dc36de2999dc156dd6c1d9c18cea56a4"
  integrity sha512-24e6ynE2H+OKt4kqsOvNd8kBpV65zoxbA4BVsEOB3ARVWQki/DHzaUoC5KuON/BiccDaCCTZBuOcfZs70kR8bQ==

react-native-web@^0.13.14:
  version "0.13.18"
  resolved "https://registry.yarnpkg.com/react-native-web/-/react-native-web-0.13.18.tgz#964f058a16521a3b9a31b091415edfef5b6ef305"
  integrity sha512-WR/0ECAmwLQ2+2cL2Ur+0/swXFAtcSM0URoADJmG6D4MnY+wGc91JO8LoOTlgY0USBOY+qG/beRrjFa+RAuOiA==
  dependencies:
    array-find-index "^1.0.2"
    create-react-class "^15.6.2"
    deep-assign "^3.0.0"
    fbjs "^1.0.0"
    hyphenate-style-name "^1.0.3"
    inline-style-prefixer "^5.1.0"
    normalize-css-color "^1.0.2"
    prop-types "^15.6.0"
    react-timer-mixin "^0.13.4"

react-timer-mixin@^0.13.4:
  version "0.13.4"
  resolved "https://registry.yarnpkg.com/react-timer-mixin/-/react-timer-mixin-0.13.4.tgz#75a00c3c94c13abe29b43d63b4c65a88fc8264d3"
  integrity sha512-4+ow23tp/Tv7hBM5Az5/Be/eKKF7DIvJ09voz5LyHGQaqqz9WV8YMs31eFvcYQs7d451LSg7kDJV70XYN/Ug/Q==

react@^17.0.2:
  version "17.0.2"
  resolved "https://registry.yarnpkg.com/react/-/react-17.0.2.tgz#d0b5cc516d29eb3eee383f75b62864cfb6800037"
  integrity sha512-gnhPt75i/dq/z3/6q/0asP78D0u592D5L1pd7M8P+dck6Fu/jJeL6iVVK23fptSUZj8Vjf++7wXA8UNclGQcbA==
  dependencies:
    loose-envify "^1.1.0"
    object-assign "^4.1.1"

"safer-buffer@>= 2.1.2 < 3.0.0":
  version "2.1.2"
  resolved "https://registry.yarnpkg.com/safer-buffer/-/safer-buffer-2.1.2.tgz#44fa161b0187b9549dd84bb91802f9bd8385cd6a"
  integrity sha512-YZo3K82SD7Riyi0E1EQPojLz7kpepnSQI9IyPbHHg1XXXevb5dJI7tpyN2ADxGcQbHG7vcyRHk0cbwqcQriUtg==

scheduler@^0.20.2:
  version "0.20.2"
  resolved "https://registry.yarnpkg.com/scheduler/-/scheduler-0.20.2.tgz#4baee39436e34aa93b4874bddcbf0fe8b8b50e91"
  integrity sha512-2eWfGgAqqWFGqtdMmcL5zCMK1U8KlXv8SQFGglL3CEtd0aDVDWgeF/YoCmvln55m5zSk3J/20hTaSBeSObsQDQ==
  dependencies:
    loose-envify "^1.1.0"
    object-assign "^4.1.1"

setimmediate@^1.0.5:
  version "1.0.5"
  resolved "https://registry.yarnpkg.com/setimmediate/-/setimmediate-1.0.5.tgz#290cbb232e306942d7d7ea9b83732ab7856f8285"
  integrity sha1-KQy7Iy4waULX1+qbg3Mqt4VvgoU=

source-map-js@^1.0.1:
  version "1.0.2"
  resolved "https://registry.yarnpkg.com/source-map-js/-/source-map-js-1.0.2.tgz#adbc361d9c62df380125e7f161f71c826f1e490c"
  integrity sha512-R0XvVJ9WusLiqTCEiGCmICCMplcCkIwwR11mOSD9CR5u+IXYdiseeEuXCVAjS54zqwkLcPNnmU4OeJ6tUrWhDw==

styled-jsx@5.0.2:
  version "5.0.2"
  resolved "https://registry.yarnpkg.com/styled-jsx/-/styled-jsx-5.0.2.tgz#ff230fd593b737e9e68b630a694d460425478729"
  integrity sha512-LqPQrbBh3egD57NBcHET4qcgshPks+yblyhPlH2GY8oaDgKs8SK4C3dBh3oSJjgzJ3G5t1SYEZGHkP+QEpX9EQ==

ua-parser-js@^0.7.18:
  version "0.7.31"
  resolved "https://registry.yarnpkg.com/ua-parser-js/-/ua-parser-js-0.7.31.tgz#649a656b191dffab4f21d5e053e27ca17cbff5c6"
  integrity sha512-qLK/Xe9E2uzmYI3qLeOmI0tEOt+TBBQyUIAh4aAgU05FVYzeZrKUdkAZfBNVGRaHVgV0TDkdEngJSw/SyQchkQ==

whatwg-fetch@>=0.10.0:
  version "3.6.2"
  resolved "https://registry.yarnpkg.com/whatwg-fetch/-/whatwg-fetch-3.6.2.tgz#dced24f37f2624ed0281725d51d0e2e3fe677f8c"
  integrity sha512-bJlen0FcuU/0EMLrdbJ7zOnW6ITZLrZMIarMUVmdKtsGvZna8vxKYaexICWPfZ8qwf9fzNq+UEIZrnSaApt6RA==
